
Microsoft Visual Studio Solution File, Format Version 12.00
# Visual Studio 15
VisualStudioVersion = 15.0.27703.2042
MinimumVisualStudioVersion = 10.0.40219.1
Project("{FAE04EC0-301F-11D3-BF4B-00C04F79EFBC}") = "JsonSlicer", "JsonSlicer\JsonSlicer.csproj", "{D8720CE8-F52B-4CE2-A216-9E50DDDA97AA}"
EndProject
Global
	GlobalSection(SolutionConfigurationPlatforms) = preSolution
		Debug|Any CPU = Debug|Any CPU
		Release|Any CPU = Release|Any CPU
	EndGlobalSection
	GlobalSection(ProjectConfigurationPlatforms) = postSolution
		{D8720CE8-F52B-4CE2-A216-9E50DDDA97AA}.Debug|Any CPU.ActiveCfg = Debug|Any CPU
		{D8720CE8-F52B-4CE2-A216-9E50DDDA97AA}.Debug|Any CPU.Build.0 = Debug|Any CPU
		{D8720CE8-F52B-4CE2-A216-9E50DDDA97AA}.Release|Any CPU.ActiveCfg = Release|Any CPU
		{D8720CE8-F52B-4CE2-A216-9E50DDDA97AA}.Release|Any CPU.Build.0 = Release|Any CPU
	EndGlobalSection
	GlobalSection(SolutionProperties) = preSolution
		HideSolutionNode = FALSE
	EndGlobalSection
	GlobalSection(ExtensibilityGlobals) = postSolution
		SolutionGuid = {33CE94CF-B122-4160-AEE4-68D6906F38CE}
	EndGlobalSection
EndGlobal
