
Microsoft Visual Studio Solution File, Format Version 12.00
# Visual Studio 15
VisualStudioVersion = 15.0.27703.2042
MinimumVisualStudioVersion = 10.0.40219.1
Project("{9A19103F-16F7-4668-BE54-9A1E7A4F7556}") = "JsonSlicer", "JsonSlicer\JsonSlicer.csproj", "{D8720CE8-F52B-4CE2-A216-9E50DDDA97AA}"
EndProject
Project("{9A19103F-16F7-4668-BE54-9A1E7A4F7556}") = "JsonSlicerTests", "JsonSlicerTests\JsonSlicerTests.csproj", "{76CBA35E-30A4-4134-96BC-90E8D226A112}"
EndProject
Project("{9A19103F-16F7-4668-BE54-9A1E7A4F7556}") = "JsonSlicerBenchmarks", "JsonSlicerBenchmarks\JsonSlicerBenchmarks.csproj", "{04AFCCD5-02A9-4C0A-B2E7-BF2100875E48}"
EndProject
Project("{FAE04EC0-301F-11D3-BF4B-00C04F79EFBC}") = "Test", "Test\Test.csproj", "{D863A0F3-D842-4B5C-86F4-CCD56661B963}"
EndProject
Global
	GlobalSection(SolutionConfigurationPlatforms) = preSolution
		Debug|Any CPU = Debug|Any CPU
		Release|Any CPU = Release|Any CPU
	EndGlobalSection
	GlobalSection(ProjectConfigurationPlatforms) = postSolution
		{D8720CE8-F52B-4CE2-A216-9E50DDDA97AA}.Debug|Any CPU.ActiveCfg = Debug|Any CPU
		{D8720CE8-F52B-4CE2-A216-9E50DDDA97AA}.Debug|Any CPU.Build.0 = Debug|Any CPU
		{D8720CE8-F52B-4CE2-A216-9E50DDDA97AA}.Release|Any CPU.ActiveCfg = Release|Any CPU
		{D8720CE8-F52B-4CE2-A216-9E50DDDA97AA}.Release|Any CPU.Build.0 = Release|Any CPU
		{76CBA35E-30A4-4134-96BC-90E8D226A112}.Debug|Any CPU.ActiveCfg = Debug|Any CPU
		{76CBA35E-30A4-4134-96BC-90E8D226A112}.Debug|Any CPU.Build.0 = Debug|Any CPU
		{76CBA35E-30A4-4134-96BC-90E8D226A112}.Release|Any CPU.ActiveCfg = Release|Any CPU
		{76CBA35E-30A4-4134-96BC-90E8D226A112}.Release|Any CPU.Build.0 = Release|Any CPU
		{04AFCCD5-02A9-4C0A-B2E7-BF2100875E48}.Debug|Any CPU.ActiveCfg = Debug|Any CPU
		{04AFCCD5-02A9-4C0A-B2E7-BF2100875E48}.Debug|Any CPU.Build.0 = Debug|Any CPU
		{04AFCCD5-02A9-4C0A-B2E7-BF2100875E48}.Release|Any CPU.ActiveCfg = Release|Any CPU
		{04AFCCD5-02A9-4C0A-B2E7-BF2100875E48}.Release|Any CPU.Build.0 = Release|Any CPU
		{D863A0F3-D842-4B5C-86F4-CCD56661B963}.Debug|Any CPU.ActiveCfg = Debug|Any CPU
		{D863A0F3-D842-4B5C-86F4-CCD56661B963}.Debug|Any CPU.Build.0 = Debug|Any CPU
		{D863A0F3-D842-4B5C-86F4-CCD56661B963}.Release|Any CPU.ActiveCfg = Release|Any CPU
		{D863A0F3-D842-4B5C-86F4-CCD56661B963}.Release|Any CPU.Build.0 = Release|Any CPU
	EndGlobalSection
	GlobalSection(SolutionProperties) = preSolution
		HideSolutionNode = FALSE
	EndGlobalSection
	GlobalSection(ExtensibilityGlobals) = postSolution
		SolutionGuid = {33CE94CF-B122-4160-AEE4-68D6906F38CE}
	EndGlobalSection
EndGlobal
